
Microsoft Visual Studio Solution File, Format Version 12.00
# Visual Studio 15
VisualStudioVersion = 15.0.27428.2015
MinimumVisualStudioVersion = 10.0.40219.1
Project("{FAE04EC0-301F-11D3-BF4B-00C04F79EFBC}") = "CRM", "CRM\CRM.csproj", "{50C38D35-E527-4C12-9324-9AEA71D2FA9D}"
EndProject
Global
	GlobalSection(SolutionConfigurationPlatforms) = preSolution
		Debug|Any CPU = Debug|Any CPU
		Release|Any CPU = Release|Any CPU
	EndGlobalSection
	GlobalSection(ProjectConfigurationPlatforms) = postSolution
		{50C38D35-E527-4C12-9324-9AEA71D2FA9D}.Debug|Any CPU.ActiveCfg = Debug|Any CPU
		{50C38D35-E527-4C12-9324-9AEA71D2FA9D}.Debug|Any CPU.Build.0 = Debug|Any CPU
		{50C38D35-E527-4C12-9324-9AEA71D2FA9D}.Release|Any CPU.ActiveCfg = Release|Any CPU
		{50C38D35-E527-4C12-9324-9AEA71D2FA9D}.Release|Any CPU.Build.0 = Release|Any CPU
	EndGlobalSection
	GlobalSection(SolutionProperties) = preSolution
		HideSolutionNode = FALSE
	EndGlobalSection
	GlobalSection(ExtensibilityGlobals) = postSolution
		SolutionGuid = {BAAEFBE9-7285-4ABA-AB93-B6F6361D5DA4}
	EndGlobalSection
EndGlobal
